PODS:
  - azure_ad_authentication (0.0.2):
    - Flutter
    - MSAL (~> 1.1.26)
  - Flutter (1.0.0)
  - MSAL (1.1.26):
    - MSAL/app-lib (= 1.1.26)
  - MSAL/app-lib (1.1.26)

DEPENDENCIES:
  - azure_ad_authentication (from `.symlinks/plugins/azure_ad_authentication/ios`)
  - Flutter (from `Flutter`)

SPEC REPOS:
  trunk:
    - MSAL

EXTERNAL SOURCES:
  azure_ad_authentication:
    :path: ".symlinks/plugins/azure_ad_authentication/ios"
  Flutter:
    :path: Flutter

SPEC CHECKSUMS:
  azure_ad_authentication: 030064eb71208a18b23e591b14664a6c16d01c30
  Flutter: 50d75fe2f02b26cc09d224853bb45737f8b3214a
  MSAL: b479d8f1f62c71c34f7ff27cc441065b099856a6

PODFILE CHECKSUM: 7368163408c647b7eb699d0d788ba6718e18fb8d

COCOAPODS: 1.11.2
