PODS:
  - azure_ad_authentication (0.0.1):
    - Flutter
    - MSAL (~> 1.1.22)
  - Flutter (1.0.0)
  - MSAL (1.1.22):
    - MSAL/app-lib (= 1.1.22)
  - MSAL/app-lib (1.1.22)

DEPENDENCIES:
  - azure_ad_authentication (from `.symlinks/plugins/azure_ad_authentication/ios`)
  - Flutter (from `Flutter`)

SPEC REPOS:
  trunk:
    - MSAL

EXTERNAL SOURCES:
  azure_ad_authentication:
    :path: ".symlinks/plugins/azure_ad_authentication/ios"
  Flutter:
    :path: Flutter

SPEC CHECKSUMS:
  azure_ad_authentication: 6dbd99318702f31b7548dffacc1a02a65e10ec4b
  Flutter: 50d75fe2f02b26cc09d224853bb45737f8b3214a
  MSAL: 0d88c5430e0ffb8863f41e9f45248981a38a7610

PODFILE CHECKSUM: 21b64fbb12492d731c9be90cbe0f2d328bef4b49

COCOAPODS: 1.11.2
