PODS:
  - azure_ad_authentication (0.0.1):
    - FlutterMacOS
    - MSAL (~> 1.1.22)
  - FlutterMacOS (1.0.0)
  - MSAL (1.1.26):
    - MSAL/app-lib (= 1.1.26)
  - MSAL/app-lib (1.1.26)

DEPENDENCIES:
  - azure_ad_authentication (from `Flutter/ephemeral/.symlinks/plugins/azure_ad_authentication/macos`)
  - FlutterMacOS (from `Flutter/ephemeral`)

SPEC REPOS:
  trunk:
    - MSAL

EXTERNAL SOURCES:
  azure_ad_authentication:
    :path: Flutter/ephemeral/.symlinks/plugins/azure_ad_authentication/macos
  FlutterMacOS:
    :path: Flutter/ephemeral

SPEC CHECKSUMS:
  azure_ad_authentication: 57ff4a58e4d197aa8317d273a990c8f70acc8a64
  FlutterMacOS: 57701585bf7de1b3fc2bb61f6378d73bbdea8424
  MSAL: b479d8f1f62c71c34f7ff27cc441065b099856a6

PODFILE CHECKSUM: 0d3963a09fc94f580682bd88480486da345dc3f0

COCOAPODS: 1.11.3
