PODS:
  - azure_ad_authentication (0.0.1):
    - FlutterMacOS
    - MSAL (~> 1.2.9)
  - FlutterMacOS (1.0.0)
  - MSAL (1.2.9):
    - MSAL/app-lib (= 1.2.9)
  - MSAL/app-lib (1.2.9)

DEPENDENCIES:
  - azure_ad_authentication (from `Flutter/ephemeral/.symlinks/plugins/azure_ad_authentication/macos`)
  - FlutterMacOS (from `Flutter/ephemeral`)

SPEC REPOS:
  trunk:
    - MSAL

EXTERNAL SOURCES:
  azure_ad_authentication:
    :path: Flutter/ephemeral/.symlinks/plugins/azure_ad_authentication/macos
  FlutterMacOS:
    :path: Flutter/ephemeral

SPEC CHECKSUMS:
  azure_ad_authentication: 4752dcb1d8d71c8e5da71945a134fd0f817fe22a
  FlutterMacOS: 8f6f14fa908a6fb3fba0cd85dbd81ec4b251fb24
  MSAL: caaa44924d1bb98fb6a225a4f362f76c27e19474

PODFILE CHECKSUM: 0d3963a09fc94f580682bd88480486da345dc3f0

COCOAPODS: 1.11.3
